{
    "_meta": {
        "hash": {
            "sha256": "4ed26e6b437ccd5ef75d21737fa8badcfb3a32863f8589da2c338cd1b9fda0a7"
        },
        "pipfile-spec": 6,
        "requires": {
            "python_version": "3.7"
        },
        "sources": [
            {
                "name": "pypi",
                "url": "https://pypi.org/simple",
                "verify_ssl": true
            }
        ]
    },
    "default": {
        "paho-mqtt": {
            "hashes": [
                "sha256:e440a052b46d222e184be3be38676378722072fcd4dfd2c8f509fb861a7b0b79"
            ],
            "index": "pypi",
            "version": "==1.4.0"
        },
        "pycairo": {
            "hashes": [
                "sha256:70172e58b6bad7572a3518c26729b074acdde15e6fee6cbab6d3528ad552b786"
            ],
            "version": "==1.18.1"
        },
        "pygobject": {
            "hashes": [
                "sha256:fa82746df059b9e0dcf473e0a9ff0693aa5e064f1ca1e2c46b5ac815bceda1ad"
            ],
            "index": "pypi",
            "version": "==3.32.2"
        }
    },
    "develop": {}
}
